
Microsoft Visual Studio Solution File, Format Version 12.00
# Visual Studio Version 17
VisualStudioVersion = 17.10.35013.160
MinimumVisualStudioVersion = 10.0.40219.1
Project("{888888A0-9F3D-457C-B088-3A5042F75D52}") = "RealTime stock market predictor", "RealTime stock market predictor.pyproj", "{3500FB9A-4494-4410-A222-CADD99EC1ABB}"
EndProject
Global
	GlobalSection(SolutionConfigurationPlatforms) = preSolution
		Debug|Any CPU = Debug|Any CPU
		Release|Any CPU = Release|Any CPU
	EndGlobalSection
	GlobalSection(ProjectConfigurationPlatforms) = postSolution
		{3500FB9A-4494-4410-A222-CADD99EC1ABB}.Debug|Any CPU.ActiveCfg = Debug|Any CPU
		{3500FB9A-4494-4410-A222-CADD99EC1ABB}.Release|Any CPU.ActiveCfg = Release|Any CPU
	EndGlobalSection
	GlobalSection(SolutionProperties) = preSolution
		HideSolutionNode = FALSE
	EndGlobalSection
	GlobalSection(ExtensibilityGlobals) = postSolution
		SolutionGuid = {19602046-0275-4C71-86DC-951DBA613898}
	EndGlobalSection
EndGlobal
